
Microsoft Visual Studio Solution File, Format Version 12.00
# Visual Studio Version 17
VisualStudioVersion = 17.4.33122.133
MinimumVisualStudioVersion = 10.0.40219.1
Project("{9A19103F-16F7-4668-BE54-9A1E7A4F7556}") = "CircularBufferStream", "CircularBufferStream\CircularBufferStream.csproj", "{F3DA1440-0D38-4548-8FE5-810802E7F884}"
EndProject
Project("{9A19103F-16F7-4668-BE54-9A1E7A4F7556}") = "CircularBufferStream.Tests", "CircularBufferStream.Tests\CircularBufferStream.Tests.csproj", "{FC245A13-4F4E-4ABE-8CCD-EA1D953A266C}"
EndProject
Global
	GlobalSection(SolutionConfigurationPlatforms) = preSolution
		Debug|Any CPU = Debug|Any CPU
		Release|Any CPU = Release|Any CPU
	EndGlobalSection
	GlobalSection(ProjectConfigurationPlatforms) = postSolution
		{F3DA1440-0D38-4548-8FE5-810802E7F884}.Debug|Any CPU.ActiveCfg = Debug|Any CPU
		{F3DA1440-0D38-4548-8FE5-810802E7F884}.Debug|Any CPU.Build.0 = Debug|Any CPU
		{F3DA1440-0D38-4548-8FE5-810802E7F884}.Release|Any CPU.ActiveCfg = Release|Any CPU
		{F3DA1440-0D38-4548-8FE5-810802E7F884}.Release|Any CPU.Build.0 = Release|Any CPU
		{FC245A13-4F4E-4ABE-8CCD-EA1D953A266C}.Debug|Any CPU.ActiveCfg = Debug|Any CPU
		{FC245A13-4F4E-4ABE-8CCD-EA1D953A266C}.Debug|Any CPU.Build.0 = Debug|Any CPU
		{FC245A13-4F4E-4ABE-8CCD-EA1D953A266C}.Release|Any CPU.ActiveCfg = Release|Any CPU
		{FC245A13-4F4E-4ABE-8CCD-EA1D953A266C}.Release|Any CPU.Build.0 = Release|Any CPU
	EndGlobalSection
	GlobalSection(SolutionProperties) = preSolution
		HideSolutionNode = FALSE
	EndGlobalSection
	GlobalSection(ExtensibilityGlobals) = postSolution
		SolutionGuid = {2FC02EB1-D945-4F02-BC0A-131976D4A1B3}
	EndGlobalSection
EndGlobal
